{
  "name": "sourcekit-for-safari-options",
  "version": "0.1.0",
  "lockfileVersion": 1,
  "requires": true,
  "dependencies": {
    "chrome-options": {
      "version": "1.0.0",
      "resolved": "https://registry.npmjs.org/chrome-options/-/chrome-options-1.0.0.tgz",
      "integrity": "sha512-nRrYJiikIPsUCWuCGQU51X6Q7IFnX0zaSO43pXCSWdfQEgml6cEc7ejjqoAXaKhSmmTZqtUfj92q4z72QigfpQ=="
    }
  }
}
