// !$*UTF8*$!
{
	archiveVersion = 1;
	classes = {
	};
	objectVersion = 52;
	objects = {

/* Begin PBXBuildFile section */
		14019EDC24305769005397C5 /* parseGitHubURL().swift in Sources */ = {isa = PBXBuildFile; fileRef = 14019EDA24305738005397C5 /* parseGitHubURL().swift */; };
		14019EFF243321A6005397C5 /* DateFormat.swift in Sources */ = {isa = PBXBuildFile; fileRef = 14019EFD243321A6005397C5 /* DateFormat.swift */; };
		14019F02243321E2005397C5 /* AppGroup.swift in Sources */ = {isa = PBXBuildFile; fileRef = 14019F00243321E2005397C5 /* AppGroup.swift */; };
		14019F03243321E2005397C5 /* AppGroup.swift in Sources */ = {isa = PBXBuildFile; fileRef = 14019F00243321E2005397C5 /* AppGroup.swift */; };
		140460E3240BEE79004FE328 /* AppDelegate.swift in Sources */ = {isa = PBXBuildFile; fileRef = 140460E2240BEE79004FE328 /* AppDelegate.swift */; };
		140460E7240BEE7A004FE328 /* Assets.xcassets in Resources */ = {isa = PBXBuildFile; fileRef = 140460E6240BEE7A004FE328 /* Assets.xcassets */; };
		140460EA240BEE7A004FE328 /* Main.storyboard in Resources */ = {isa = PBXBuildFile; fileRef = 140460E8240BEE7A004FE328 /* Main.storyboard */; };
		140460F9240BEE94004FE328 /* Cocoa.framework in Frameworks */ = {isa = PBXBuildFile; fileRef = 140460F8240BEE94004FE328 /* Cocoa.framework */; };
		140460FC240BEE94004FE328 /* SafariExtensionHandler.swift in Sources */ = {isa = PBXBuildFile; fileRef = 140460FB240BEE94004FE328 /* SafariExtensionHandler.swift */; };
		140460FE240BEE94004FE328 /* SafariExtensionViewController.swift in Sources */ = {isa = PBXBuildFile; fileRef = 140460FD240BEE94004FE328 /* SafariExtensionViewController.swift */; };
		14046101240BEE94004FE328 /* SafariExtensionViewController.xib in Resources */ = {isa = PBXBuildFile; fileRef = 140460FF240BEE94004FE328 /* SafariExtensionViewController.xib */; };
		14046106240BEE94004FE328 /* ToolbarItemIcon.pdf in Resources */ = {isa = PBXBuildFile; fileRef = 14046105240BEE94004FE328 /* ToolbarItemIcon.pdf */; };
		1404610A240BEE94004FE328 /* SourceKit for Safari.appex in Embed App Extensions */ = {isa = PBXBuildFile; fileRef = 140460F6240BEE94004FE328 /* SourceKit for Safari.appex */; settings = {ATTRIBUTES = (RemoveHeadersOnCopy, ); }; };
		140AB0A92438A73C005ED684 /* chevron.down.png in Resources */ = {isa = PBXBuildFile; fileRef = 140AB0A62438A73C005ED684 /* chevron.down.png */; };
		140AB0AA2438A73C005ED684 /* chevron.down@2x.png in Resources */ = {isa = PBXBuildFile; fileRef = 140AB0A72438A73C005ED684 /* chevron.down@2x.png */; };
		140AB0AB2438A73C005ED684 /* chevron.down@3x.png in Resources */ = {isa = PBXBuildFile; fileRef = 140AB0A82438A73C005ED684 /* chevron.down@3x.png */; };
		144D1D7B242678BF00B7AC65 /* E@2x.png in Resources */ = {isa = PBXBuildFile; fileRef = 144D1D66242678BF00B7AC65 /* E@2x.png */; };
		144D1D7C242678C000B7AC65 /* S@3x.png in Resources */ = {isa = PBXBuildFile; fileRef = 144D1D67242678BF00B7AC65 /* S@3x.png */; };
		144D1D7D242678C000B7AC65 /* I.png in Resources */ = {isa = PBXBuildFile; fileRef = 144D1D68242678BF00B7AC65 /* I.png */; };
		144D1D7E242678C000B7AC65 /* I@2x.png in Resources */ = {isa = PBXBuildFile; fileRef = 144D1D69242678BF00B7AC65 /* I@2x.png */; };
		144D1D7F242678C000B7AC65 /* I@3x.png in Resources */ = {isa = PBXBuildFile; fileRef = 144D1D6A242678BF00B7AC65 /* I@3x.png */; };
		144D1D80242678C000B7AC65 /* M.png in Resources */ = {isa = PBXBuildFile; fileRef = 144D1D6B242678BF00B7AC65 /* M.png */; };
		144D1D81242678C000B7AC65 /* S@2x.png in Resources */ = {isa = PBXBuildFile; fileRef = 144D1D6C242678BF00B7AC65 /* S@2x.png */; };
		144D1D82242678C000B7AC65 /* E@3x.png in Resources */ = {isa = PBXBuildFile; fileRef = 144D1D6D242678BF00B7AC65 /* E@3x.png */; };
		144D1D83242678C000B7AC65 /* C@2x.png in Resources */ = {isa = PBXBuildFile; fileRef = 144D1D6E242678BF00B7AC65 /* C@2x.png */; };
		144D1D84242678C000B7AC65 /* M@3x.png in Resources */ = {isa = PBXBuildFile; fileRef = 144D1D6F242678BF00B7AC65 /* M@3x.png */; };
		144D1D85242678C000B7AC65 /* M@2x.png in Resources */ = {isa = PBXBuildFile; fileRef = 144D1D70242678BF00B7AC65 /* M@2x.png */; };
		144D1D86242678C000B7AC65 /* C@3x.png in Resources */ = {isa = PBXBuildFile; fileRef = 144D1D71242678BF00B7AC65 /* C@3x.png */; };
		144D1D87242678C000B7AC65 /* P@2x.png in Resources */ = {isa = PBXBuildFile; fileRef = 144D1D72242678BF00B7AC65 /* P@2x.png */; };
		144D1D88242678C000B7AC65 /* F@3x.png in Resources */ = {isa = PBXBuildFile; fileRef = 144D1D73242678BF00B7AC65 /* F@3x.png */; };
		144D1D89242678C000B7AC65 /* F@2x.png in Resources */ = {isa = PBXBuildFile; fileRef = 144D1D74242678BF00B7AC65 /* F@2x.png */; };
		144D1D8A242678C000B7AC65 /* P@3x.png in Resources */ = {isa = PBXBuildFile; fileRef = 144D1D75242678BF00B7AC65 /* P@3x.png */; };
		144D1D8B242678C000B7AC65 /* C.png in Resources */ = {isa = PBXBuildFile; fileRef = 144D1D76242678BF00B7AC65 /* C.png */; };
		144D1D8C242678C000B7AC65 /* S.png in Resources */ = {isa = PBXBuildFile; fileRef = 144D1D77242678BF00B7AC65 /* S.png */; };
		144D1D8D242678C000B7AC65 /* E.png in Resources */ = {isa = PBXBuildFile; fileRef = 144D1D78242678BF00B7AC65 /* E.png */; };
		144D1D8E242678C000B7AC65 /* P.png in Resources */ = {isa = PBXBuildFile; fileRef = 144D1D79242678BF00B7AC65 /* P.png */; };
		144D1D8F242678C000B7AC65 /* F.png in Resources */ = {isa = PBXBuildFile; fileRef = 144D1D7A242678BF00B7AC65 /* F.png */; };
		145E9A20241405F6006DD651 /* main.m in Sources */ = {isa = PBXBuildFile; fileRef = 145E9A1F241405F6006DD651 /* main.m */; };
		145E9A2624140626006DD651 /* SourceKit for Safari XPC Service.xpc in Embed XPC Services */ = {isa = PBXBuildFile; fileRef = 145E9A19241405F6006DD651 /* SourceKit for Safari XPC Service.xpc */; settings = {ATTRIBUTES = (RemoveHeadersOnCopy, ); }; };
		145E9A292414068B006DD651 /* SourceKitService.swift in Sources */ = {isa = PBXBuildFile; fileRef = 145E9A282414068B006DD651 /* SourceKitService.swift */; };
		145E9A3724146BA5006DD651 /* tippy.css in Resources */ = {isa = PBXBuildFile; fileRef = 145E9A3224146BA4006DD651 /* tippy.css */; };
		145E9A3924146BA5006DD651 /* light-border.css in Resources */ = {isa = PBXBuildFile; fileRef = 145E9A3424146BA4006DD651 /* light-border.css */; };
		145E9A3E24146F97006DD651 /* xcode.css in Resources */ = {isa = PBXBuildFile; fileRef = 145E9A3C24146F97006DD651 /* xcode.css */; };
		145E9A462414B907006DD651 /* bundle.js in Resources */ = {isa = PBXBuildFile; fileRef = 145E9A452414B907006DD651 /* bundle.js */; };
		145E9A482414DEBA006DD651 /* SourceKitServiceProxy.swift in Sources */ = {isa = PBXBuildFile; fileRef = 145E9A472414DEBA006DD651 /* SourceKitServiceProxy.swift */; };
		14931109241C30DB00CF87D3 /* LanguageServer.swift in Sources */ = {isa = PBXBuildFile; fileRef = 14931108241C30DB00CF87D3 /* LanguageServer.swift */; };
		1493110B241C30F600CF87D3 /* ServerRegistry.swift in Sources */ = {isa = PBXBuildFile; fileRef = 1493110A241C30F600CF87D3 /* ServerRegistry.swift */; };
		1493110D241C310B00CF87D3 /* Workspace.swift in Sources */ = {isa = PBXBuildFile; fileRef = 1493110C241C310B00CF87D3 /* Workspace.swift */; };
		1493110F241CF44200CF87D3 /* style.css in Resources */ = {isa = PBXBuildFile; fileRef = 1493110E241CF44200CF87D3 /* style.css */; };
		14931111241D4EC400CF87D3 /* Settings.swift in Sources */ = {isa = PBXBuildFile; fileRef = 14931110241D4EC400CF87D3 /* Settings.swift */; };
		14DB80B7241F096A00728A29 /* LSPBindings in Frameworks */ = {isa = PBXBuildFile; productRef = 14DB80B6241F096A00728A29 /* LSPBindings */; };
		14F872622441AAFB00374E7A /* AppDelegate.swift in Sources */ = {isa = PBXBuildFile; fileRef = 14F872612441AAFB00374E7A /* AppDelegate.swift */; };
		14F872702441AB6700374E7A /* SourceKit for Safari XPC Service.xpc in Embed XPC Services */ = {isa = PBXBuildFile; fileRef = 145E9A19241405F6006DD651 /* SourceKit for Safari XPC Service.xpc */; settings = {ATTRIBUTES = (RemoveHeadersOnCopy, ); }; };
		14F872712441AE5E00374E7A /* SourceKitServiceProxy.swift in Sources */ = {isa = PBXBuildFile; fileRef = 145E9A472414DEBA006DD651 /* SourceKitServiceProxy.swift */; };
		14F872722441AE6300374E7A /* Settings.swift in Sources */ = {isa = PBXBuildFile; fileRef = 14931110241D4EC400CF87D3 /* Settings.swift */; };
		14F872732441AE6600374E7A /* parseGitHubURL().swift in Sources */ = {isa = PBXBuildFile; fileRef = 14019EDA24305738005397C5 /* parseGitHubURL().swift */; };
		14F872742441AE6A00374E7A /* DateFormat.swift in Sources */ = {isa = PBXBuildFile; fileRef = 14019EFD243321A6005397C5 /* DateFormat.swift */; };
		14F872752441AE7100374E7A /* AppGroup.swift in Sources */ = {isa = PBXBuildFile; fileRef = 14019F00243321E2005397C5 /* AppGroup.swift */; };
		14F872762441AE8800374E7A /* AppGroup.swift in Sources */ = {isa = PBXBuildFile; fileRef = 14019F00243321E2005397C5 /* AppGroup.swift */; };
		14F872782441AEB200374E7A /* BufferReader.swift in Sources */ = {isa = PBXBuildFile; fileRef = 14F872772441AEB200374E7A /* BufferReader.swift */; };
		14F872802441B02500374E7A /* SourceKit for Safari Chrome Extension Helper.app in Embed Helper App */ = {isa = PBXBuildFile; fileRef = 14F8725F2441AAFB00374E7A /* SourceKit for Safari Chrome Extension Helper.app */; settings = {ATTRIBUTES = (RemoveHeadersOnCopy, ); }; };
		14F872872441C88100374E7A /* Application.swift in Sources */ = {isa = PBXBuildFile; fileRef = 14F872862441C88100374E7A /* Application.swift */; };
		14F872A524422EDA00374E7A /* ViewController.swift in Sources */ = {isa = PBXBuildFile; fileRef = 14F872A424422EDA00374E7A /* ViewController.swift */; };
/* End PBXBuildFile section */

/* Begin PBXContainerItemProxy section */
		14046108240BEE94004FE328 /* PBXContainerItemProxy */ = {
			isa = PBXContainerItemProxy;
			containerPortal = 140460D7240BEE79004FE328 /* Project object */;
			proxyType = 1;
			remoteGlobalIDString = 140460F5240BEE94004FE328;
			remoteInfo = SafariExtension;
		};
		145B31B224296D0800660469 /* PBXContainerItemProxy */ = {
			isa = PBXContainerItemProxy;
			containerPortal = 140460D7240BEE79004FE328 /* Project object */;
			proxyType = 1;
			remoteGlobalIDString = 145E9A18241405F6006DD651;
			remoteInfo = SourceKitService;
		};
/* End PBXContainerItemProxy section */

/* Begin PBXCopyFilesBuildPhase section */
		1404610E240BEE94004FE328 /* Embed App Extensions */ = {
			isa = PBXCopyFilesBuildPhase;
			buildActionMask = 2147483647;
			dstPath = "";
			dstSubfolderSpec = 13;
			files = (
				1404610A240BEE94004FE328 /* SourceKit for Safari.appex in Embed App Extensions */,
			);
			name = "Embed App Extensions";
			runOnlyForDeploymentPostprocessing = 0;
		};
		145E9A2524140601006DD651 /* Embed XPC Services */ = {
			isa = PBXCopyFilesBuildPhase;
			buildActionMask = 2147483647;
			dstPath = "$(CONTENTS_FOLDER_PATH)/XPCServices";
			dstSubfolderSpec = 16;
			files = (
				145E9A2624140626006DD651 /* SourceKit for Safari XPC Service.xpc in Embed XPC Services */,
			);
			name = "Embed XPC Services";
			runOnlyForDeploymentPostprocessing = 0;
		};
		14F8726F2441AB5B00374E7A /* Embed XPC Services */ = {
			isa = PBXCopyFilesBuildPhase;
			buildActionMask = 2147483647;
			dstPath = "$(CONTENTS_FOLDER_PATH)/XPCServices";
			dstSubfolderSpec = 16;
			files = (
				14F872702441AB6700374E7A /* SourceKit for Safari XPC Service.xpc in Embed XPC Services */,
			);
			name = "Embed XPC Services";
			runOnlyForDeploymentPostprocessing = 0;
		};
		14F8727F2441B01C00374E7A /* Embed Helper App */ = {
			isa = PBXCopyFilesBuildPhase;
			buildActionMask = 2147483647;
			dstPath = "";
			dstSubfolderSpec = 13;
			files = (
				14F872802441B02500374E7A /* SourceKit for Safari Chrome Extension Helper.app in Embed Helper App */,
			);
			name = "Embed Helper App";
			runOnlyForDeploymentPostprocessing = 0;
		};
/* End PBXCopyFilesBuildPhase section */

/* Begin PBXFileReference section */
		14019EDA24305738005397C5 /* parseGitHubURL().swift */ = {isa = PBXFileReference; lastKnownFileType = sourcecode.swift; path = "parseGitHubURL().swift"; sourceTree = "<group>"; };
		14019EFD243321A6005397C5 /* DateFormat.swift */ = {isa = PBXFileReference; lastKnownFileType = sourcecode.swift; path = DateFormat.swift; sourceTree = "<group>"; };
		14019F00243321E2005397C5 /* AppGroup.swift */ = {isa = PBXFileReference; lastKnownFileType = sourcecode.swift; path = AppGroup.swift; sourceTree = "<group>"; };
		140460DF240BEE79004FE328 /* SourceKit for Safari.app */ = {isa = PBXFileReference; explicitFileType = wrapper.application; includeInIndex = 0; path = "SourceKit for Safari.app"; sourceTree = BUILT_PRODUCTS_DIR; };
		140460E2240BEE79004FE328 /* AppDelegate.swift */ = {isa = PBXFileReference; lastKnownFileType = sourcecode.swift; path = AppDelegate.swift; sourceTree = "<group>"; };
		140460E6240BEE7A004FE328 /* Assets.xcassets */ = {isa = PBXFileReference; lastKnownFileType = folder.assetcatalog; path = Assets.xcassets; sourceTree = "<group>"; };
		140460E9240BEE7A004FE328 /* Base */ = {isa = PBXFileReference; lastKnownFileType = file.storyboard; name = Base; path = Base.lproj/Main.storyboard; sourceTree = "<group>"; };
		140460EB240BEE7A004FE328 /* Info.plist */ = {isa = PBXFileReference; lastKnownFileType = text.plist.xml; path = Info.plist; sourceTree = "<group>"; };
		140460EC240BEE7A004FE328 /* SourceKitForSafari.entitlements */ = {isa = PBXFileReference; lastKnownFileType = text.plist.entitlements; path = SourceKitForSafari.entitlements; sourceTree = "<group>"; };
		140460F6240BEE94004FE328 /* SourceKit for Safari.appex */ = {isa = PBXFileReference; explicitFileType = "wrapper.app-extension"; includeInIndex = 0; path = "SourceKit for Safari.appex"; sourceTree = BUILT_PRODUCTS_DIR; };
		140460F8240BEE94004FE328 /* Cocoa.framework */ = {isa = PBXFileReference; lastKnownFileType = wrapper.framework; name = Cocoa.framework; path = System/Library/Frameworks/Cocoa.framework; sourceTree = SDKROOT; };
		140460FB240BEE94004FE328 /* SafariExtensionHandler.swift */ = {isa = PBXFileReference; lastKnownFileType = sourcecode.swift; path = SafariExtensionHandler.swift; sourceTree = "<group>"; };
		140460FD240BEE94004FE328 /* SafariExtensionViewController.swift */ = {isa = PBXFileReference; lastKnownFileType = sourcecode.swift; path = SafariExtensionViewController.swift; sourceTree = "<group>"; };
		14046100240BEE94004FE328 /* Base */ = {isa = PBXFileReference; lastKnownFileType = file.xib; name = Base; path = Base.lproj/SafariExtensionViewController.xib; sourceTree = "<group>"; };
		14046102240BEE94004FE328 /* Info.plist */ = {isa = PBXFileReference; lastKnownFileType = text.plist.xml; path = Info.plist; sourceTree = "<group>"; };
		14046105240BEE94004FE328 /* ToolbarItemIcon.pdf */ = {isa = PBXFileReference; lastKnownFileType = image.pdf; path = ToolbarItemIcon.pdf; sourceTree = "<group>"; };
		14046107240BEE94004FE328 /* SafariExtension.entitlements */ = {isa = PBXFileReference; lastKnownFileType = text.plist.entitlements; path = SafariExtension.entitlements; sourceTree = "<group>"; };
		140AB0A62438A73C005ED684 /* chevron.down.png */ = {isa = PBXFileReference; lastKnownFileType = image.png; path = chevron.down.png; sourceTree = "<group>"; };
		140AB0A72438A73C005ED684 /* chevron.down@2x.png */ = {isa = PBXFileReference; lastKnownFileType = image.png; path = "chevron.down@2x.png"; sourceTree = "<group>"; };
		140AB0A82438A73C005ED684 /* chevron.down@3x.png */ = {isa = PBXFileReference; lastKnownFileType = image.png; path = "chevron.down@3x.png"; sourceTree = "<group>"; };
		144D1D66242678BF00B7AC65 /* E@2x.png */ = {isa = PBXFileReference; lastKnownFileType = image.png; path = "E@2x.png"; sourceTree = "<group>"; };
		144D1D67242678BF00B7AC65 /* S@3x.png */ = {isa = PBXFileReference; lastKnownFileType = image.png; path = "S@3x.png"; sourceTree = "<group>"; };
		144D1D68242678BF00B7AC65 /* I.png */ = {isa = PBXFileReference; lastKnownFileType = image.png; path = I.png; sourceTree = "<group>"; };
		144D1D69242678BF00B7AC65 /* I@2x.png */ = {isa = PBXFileReference; lastKnownFileType = image.png; path = "I@2x.png"; sourceTree = "<group>"; };
		144D1D6A242678BF00B7AC65 /* I@3x.png */ = {isa = PBXFileReference; lastKnownFileType = image.png; path = "I@3x.png"; sourceTree = "<group>"; };
		144D1D6B242678BF00B7AC65 /* M.png */ = {isa = PBXFileReference; lastKnownFileType = image.png; path = M.png; sourceTree = "<group>"; };
		144D1D6C242678BF00B7AC65 /* S@2x.png */ = {isa = PBXFileReference; lastKnownFileType = image.png; path = "S@2x.png"; sourceTree = "<group>"; };
		144D1D6D242678BF00B7AC65 /* E@3x.png */ = {isa = PBXFileReference; lastKnownFileType = image.png; path = "E@3x.png"; sourceTree = "<group>"; };
		144D1D6E242678BF00B7AC65 /* C@2x.png */ = {isa = PBXFileReference; lastKnownFileType = image.png; path = "C@2x.png"; sourceTree = "<group>"; };
		144D1D6F242678BF00B7AC65 /* M@3x.png */ = {isa = PBXFileReference; lastKnownFileType = image.png; path = "M@3x.png"; sourceTree = "<group>"; };
		144D1D70242678BF00B7AC65 /* M@2x.png */ = {isa = PBXFileReference; lastKnownFileType = image.png; path = "M@2x.png"; sourceTree = "<group>"; };
		144D1D71242678BF00B7AC65 /* C@3x.png */ = {isa = PBXFileReference; lastKnownFileType = image.png; path = "C@3x.png"; sourceTree = "<group>"; };
		144D1D72242678BF00B7AC65 /* P@2x.png */ = {isa = PBXFileReference; lastKnownFileType = image.png; path = "P@2x.png"; sourceTree = "<group>"; };
		144D1D73242678BF00B7AC65 /* F@3x.png */ = {isa = PBXFileReference; lastKnownFileType = image.png; path = "F@3x.png"; sourceTree = "<group>"; };
		144D1D74242678BF00B7AC65 /* F@2x.png */ = {isa = PBXFileReference; lastKnownFileType = image.png; path = "F@2x.png"; sourceTree = "<group>"; };
		144D1D75242678BF00B7AC65 /* P@3x.png */ = {isa = PBXFileReference; lastKnownFileType = image.png; path = "P@3x.png"; sourceTree = "<group>"; };
		144D1D76242678BF00B7AC65 /* C.png */ = {isa = PBXFileReference; lastKnownFileType = image.png; path = C.png; sourceTree = "<group>"; };
		144D1D77242678BF00B7AC65 /* S.png */ = {isa = PBXFileReference; lastKnownFileType = image.png; path = S.png; sourceTree = "<group>"; };
		144D1D78242678BF00B7AC65 /* E.png */ = {isa = PBXFileReference; lastKnownFileType = image.png; path = E.png; sourceTree = "<group>"; };
		144D1D79242678BF00B7AC65 /* P.png */ = {isa = PBXFileReference; lastKnownFileType = image.png; path = P.png; sourceTree = "<group>"; };
		144D1D7A242678BF00B7AC65 /* F.png */ = {isa = PBXFileReference; lastKnownFileType = image.png; path = F.png; sourceTree = "<group>"; };
		145E9A19241405F6006DD651 /* SourceKit for Safari XPC Service.xpc */ = {isa = PBXFileReference; explicitFileType = "wrapper.xpc-service"; includeInIndex = 0; path = "SourceKit for Safari XPC Service.xpc"; sourceTree = BUILT_PRODUCTS_DIR; };
		145E9A1B241405F6006DD651 /* SourceKitServiceProtocol.h */ = {isa = PBXFileReference; lastKnownFileType = sourcecode.c.h; path = SourceKitServiceProtocol.h; sourceTree = "<group>"; };
		145E9A1F241405F6006DD651 /* main.m */ = {isa = PBXFileReference; lastKnownFileType = sourcecode.c.objc; path = main.m; sourceTree = "<group>"; };
		145E9A21241405F6006DD651 /* Info.plist */ = {isa = PBXFileReference; lastKnownFileType = text.plist.xml; path = Info.plist; sourceTree = "<group>"; };
		145E9A272414068A006DD651 /* SourceKitService-Bridging-Header.h */ = {isa = PBXFileReference; lastKnownFileType = sourcecode.c.h; path = "SourceKitService-Bridging-Header.h"; sourceTree = "<group>"; };
		145E9A282414068B006DD651 /* SourceKitService.swift */ = {isa = PBXFileReference; lastKnownFileType = sourcecode.swift; path = SourceKitService.swift; sourceTree = "<group>"; };
		145E9A2A24140884006DD651 /* SafariExtension-Bridging-Header.h */ = {isa = PBXFileReference; lastKnownFileType = sourcecode.c.h; path = "SafariExtension-Bridging-Header.h"; sourceTree = "<group>"; };
		145E9A3224146BA4006DD651 /* tippy.css */ = {isa = PBXFileReference; fileEncoding = 4; lastKnownFileType = text.css; path = tippy.css; sourceTree = "<group>"; };
		145E9A3424146BA4006DD651 /* light-border.css */ = {isa = PBXFileReference; fileEncoding = 4; lastKnownFileType = text.css; path = "light-border.css"; sourceTree = "<group>"; };
		145E9A3C24146F97006DD651 /* xcode.css */ = {isa = PBXFileReference; fileEncoding = 4; lastKnownFileType = text.css; path = xcode.css; sourceTree = "<group>"; };
		145E9A452414B907006DD651 /* bundle.js */ = {isa = PBXFileReference; fileEncoding = 4; lastKnownFileType = sourcecode.javascript; path = bundle.js; sourceTree = "<group>"; };
		145E9A472414DEBA006DD651 /* SourceKitServiceProxy.swift */ = {isa = PBXFileReference; lastKnownFileType = sourcecode.swift; path = SourceKitServiceProxy.swift; sourceTree = "<group>"; };
		1492043C241E81B40088EA9B /* SourceKitService.entitlements */ = {isa = PBXFileReference; lastKnownFileType = text.plist.entitlements; path = SourceKitService.entitlements; sourceTree = "<group>"; };
		14931108241C30DB00CF87D3 /* LanguageServer.swift */ = {isa = PBXFileReference; lastKnownFileType = sourcecode.swift; path = LanguageServer.swift; sourceTree = "<group>"; };
		1493110A241C30F600CF87D3 /* ServerRegistry.swift */ = {isa = PBXFileReference; lastKnownFileType = sourcecode.swift; path = ServerRegistry.swift; sourceTree = "<group>"; };
		1493110C241C310B00CF87D3 /* Workspace.swift */ = {isa = PBXFileReference; lastKnownFileType = sourcecode.swift; path = Workspace.swift; sourceTree = "<group>"; };
		1493110E241CF44200CF87D3 /* style.css */ = {isa = PBXFileReference; lastKnownFileType = text.css; path = style.css; sourceTree = "<group>"; };
		14931110241D4EC400CF87D3 /* Settings.swift */ = {isa = PBXFileReference; lastKnownFileType = sourcecode.swift; path = Settings.swift; sourceTree = "<group>"; };
		14C59EF62445A5BE00A80602 /* Project-Release.xcconfig */ = {isa = PBXFileReference; lastKnownFileType = text.xcconfig; path = "Project-Release.xcconfig"; sourceTree = "<group>"; };
		14C59EF72445A5BE00A80602 /* Project-Shared.xcconfig */ = {isa = PBXFileReference; lastKnownFileType = text.xcconfig; path = "Project-Shared.xcconfig"; sourceTree = "<group>"; };
		14C59EF82445A5BE00A80602 /* Project-Debug.xcconfig */ = {isa = PBXFileReference; lastKnownFileType = text.xcconfig; path = "Project-Debug.xcconfig"; sourceTree = "<group>"; };
		14C59EF92445A6BB00A80602 /* SourceKitForSafari-Release.xcconfig */ = {isa = PBXFileReference; lastKnownFileType = text.xcconfig; path = "SourceKitForSafari-Release.xcconfig"; sourceTree = "<group>"; };
		14C59EFA2445A6BB00A80602 /* SourceKitForSafari-Shared.xcconfig */ = {isa = PBXFileReference; lastKnownFileType = text.xcconfig; path = "SourceKitForSafari-Shared.xcconfig"; sourceTree = "<group>"; };
		14C59EFB2445A6BB00A80602 /* SourceKitForSafari-Debug.xcconfig */ = {isa = PBXFileReference; lastKnownFileType = text.xcconfig; path = "SourceKitForSafari-Debug.xcconfig"; sourceTree = "<group>"; };
		14C59EFC2445A74400A80602 /* SafariExtension-Release.xcconfig */ = {isa = PBXFileReference; lastKnownFileType = text.xcconfig; path = "SafariExtension-Release.xcconfig"; sourceTree = "<group>"; };
		14C59EFD2445A74400A80602 /* SafariExtension-Shared.xcconfig */ = {isa = PBXFileReference; lastKnownFileType = text.xcconfig; path = "SafariExtension-Shared.xcconfig"; sourceTree = "<group>"; };
		14C59EFE2445A74400A80602 /* SafariExtension-Debug.xcconfig */ = {isa = PBXFileReference; lastKnownFileType = text.xcconfig; path = "SafariExtension-Debug.xcconfig"; sourceTree = "<group>"; };
		14C59EFF2445A80200A80602 /* ChromeExtensionHelper-Shared.xcconfig */ = {isa = PBXFileReference; lastKnownFileType = text.xcconfig; path = "ChromeExtensionHelper-Shared.xcconfig"; sourceTree = "<group>"; };
		14C59F002445A80200A80602 /* ChromeExtensionHelper-Debug.xcconfig */ = {isa = PBXFileReference; lastKnownFileType = text.xcconfig; path = "ChromeExtensionHelper-Debug.xcconfig"; sourceTree = "<group>"; };
		14C59F012445A80200A80602 /* ChromeExtensionHelper-Release.xcconfig */ = {isa = PBXFileReference; lastKnownFileType = text.xcconfig; path = "ChromeExtensionHelper-Release.xcconfig"; sourceTree = "<group>"; };
		14C59F022445A83300A80602 /* SourceKitService-Debug.xcconfig */ = {isa = PBXFileReference; lastKnownFileType = text.xcconfig; path = "SourceKitService-Debug.xcconfig"; sourceTree = "<group>"; };
		14C59F032445A83300A80602 /* SourceKitService-Shared.xcconfig */ = {isa = PBXFileReference; lastKnownFileType = text.xcconfig; path = "SourceKitService-Shared.xcconfig"; sourceTree = "<group>"; };
		14C59F042445A83300A80602 /* SourceKitService-Release.xcconfig */ = {isa = PBXFileReference; lastKnownFileType = text.xcconfig; path = "SourceKitService-Release.xcconfig"; sourceTree = "<group>"; };
		14F8725F2441AAFB00374E7A /* SourceKit for Safari Chrome Extension Helper.app */ = {isa = PBXFileReference; explicitFileType = wrapper.application; includeInIndex = 0; path = "SourceKit for Safari Chrome Extension Helper.app"; sourceTree = BUILT_PRODUCTS_DIR; };
		14F872612441AAFB00374E7A /* AppDelegate.swift */ = {isa = PBXFileReference; lastKnownFileType = sourcecode.swift; path = AppDelegate.swift; sourceTree = "<group>"; };
		14F8726A2441AAFD00374E7A /* Info.plist */ = {isa = PBXFileReference; lastKnownFileType = text.plist.xml; path = Info.plist; sourceTree = "<group>"; };
		14F8726B2441AAFD00374E7A /* ChromeExtensionHelper.entitlements */ = {isa = PBXFileReference; lastKnownFileType = text.plist.entitlements; path = ChromeExtensionHelper.entitlements; sourceTree = "<group>"; };
		14F872772441AEB200374E7A /* BufferReader.swift */ = {isa = PBXFileReference; lastKnownFileType = sourcecode.swift; path = BufferReader.swift; sourceTree = "<group>"; };
		14F872792441AF4D00374E7A /* ChromeExtensionHelper-Bridging-Header.h */ = {isa = PBXFileReference; lastKnownFileType = sourcecode.c.h; path = "ChromeExtensionHelper-Bridging-Header.h"; sourceTree = "<group>"; };
		14F872862441C88100374E7A /* Application.swift */ = {isa = PBXFileReference; lastKnownFileType = sourcecode.swift; path = Application.swift; sourceTree = "<group>"; };
		14F872A424422EDA00374E7A /* ViewController.swift */ = {isa = PBXFileReference; lastKnownFileType = sourcecode.swift; path = ViewController.swift; sourceTree = "<group>"; };
/* End PBXFileReference section */

/* Begin PBXFrameworksBuildPhase section */
		140460DC240BEE79004FE328 /* Frameworks */ = {
			isa = PBXFrameworksBuildPhase;
			buildActionMask = 2147483647;
			files = (
			);
			runOnlyForDeploymentPostprocessing = 0;
		};
		140460F3240BEE94004FE328 /* Frameworks */ = {
			isa = PBXFrameworksBuildPhase;
			buildActionMask = 2147483647;
			files = (
				140460F9240BEE94004FE328 /* Cocoa.framework in Frameworks */,
			);
			runOnlyForDeploymentPostprocessing = 0;
		};
		145E9A16241405F6006DD651 /* Frameworks */ = {
			isa = PBXFrameworksBuildPhase;
			buildActionMask = 2147483647;
			files = (
				14DB80B7241F096A00728A29 /* LSPBindings in Frameworks */,
			);
			runOnlyForDeploymentPostprocessing = 0;
		};
		14F8725C2441AAFB00374E7A /* Frameworks */ = {
			isa = PBXFrameworksBuildPhase;
			buildActionMask = 2147483647;
			files = (
			);
			runOnlyForDeploymentPostprocessing = 0;
		};
/* End PBXFrameworksBuildPhase section */

/* Begin PBXGroup section */
		140460D6240BEE79004FE328 = {
			isa = PBXGroup;
			children = (
				140460E1240BEE79004FE328 /* SourceKitForSafari */,
				140460FA240BEE94004FE328 /* SafariExtension */,
				14F872602441AAFB00374E7A /* ChromeExtensionHelper */,
				145E9A1A241405F6006DD651 /* SourceKitService */,
				1459AAD8242F3BFE002D6185 /* Shared */,
				14C59EF52445A5A600A80602 /* Configurations */,
				140460F7240BEE94004FE328 /* Frameworks */,
				140460E0240BEE79004FE328 /* Products */,
			);
			sourceTree = "<group>";
		};
		140460E0240BEE79004FE328 /* Products */ = {
			isa = PBXGroup;
			children = (
				140460DF240BEE79004FE328 /* SourceKit for Safari.app */,
				140460F6240BEE94004FE328 /* SourceKit for Safari.appex */,
				145E9A19241405F6006DD651 /* SourceKit for Safari XPC Service.xpc */,
				14F8725F2441AAFB00374E7A /* SourceKit for Safari Chrome Extension Helper.app */,
			);
			name = Products;
			sourceTree = "<group>";
		};
		140460E1240BEE79004FE328 /* SourceKitForSafari */ = {
			isa = PBXGroup;
			children = (
				140460E2240BEE79004FE328 /* AppDelegate.swift */,
				14F872A424422EDA00374E7A /* ViewController.swift */,
				140460E8240BEE7A004FE328 /* Main.storyboard */,
				140460E6240BEE7A004FE328 /* Assets.xcassets */,
				140460EC240BEE7A004FE328 /* SourceKitForSafari.entitlements */,
				140460EB240BEE7A004FE328 /* Info.plist */,
			);
			path = SourceKitForSafari;
			sourceTree = "<group>";
		};
		140460F7240BEE94004FE328 /* Frameworks */ = {
			isa = PBXGroup;
			children = (
				140460F8240BEE94004FE328 /* Cocoa.framework */,
			);
			name = Frameworks;
			sourceTree = "<group>";
		};
		140460FA240BEE94004FE328 /* SafariExtension */ = {
			isa = PBXGroup;
			children = (
				140460FB240BEE94004FE328 /* SafariExtensionHandler.swift */,
				140460FD240BEE94004FE328 /* SafariExtensionViewController.swift */,
				140460FF240BEE94004FE328 /* SafariExtensionViewController.xib */,
				145E9A2A24140884006DD651 /* SafariExtension-Bridging-Header.h */,
				145E9A412414B876006DD651 /* js */,
				145E9A442414B8B5006DD651 /* css */,
				144D1D65242678BF00B7AC65 /* images */,
				14046105240BEE94004FE328 /* ToolbarItemIcon.pdf */,
				14046107240BEE94004FE328 /* SafariExtension.entitlements */,
				14046102240BEE94004FE328 /* Info.plist */,
			);
			path = SafariExtension;
			sourceTree = "<group>";
		};
		144D1D65242678BF00B7AC65 /* images */ = {
			isa = PBXGroup;
			children = (
				144D1D76242678BF00B7AC65 /* C.png */,
				144D1D6E242678BF00B7AC65 /* C@2x.png */,
				144D1D71242678BF00B7AC65 /* C@3x.png */,
				144D1D78242678BF00B7AC65 /* E.png */,
				144D1D66242678BF00B7AC65 /* E@2x.png */,
				144D1D6D242678BF00B7AC65 /* E@3x.png */,
				144D1D7A242678BF00B7AC65 /* F.png */,
				144D1D74242678BF00B7AC65 /* F@2x.png */,
				144D1D73242678BF00B7AC65 /* F@3x.png */,
				144D1D68242678BF00B7AC65 /* I.png */,
				144D1D69242678BF00B7AC65 /* I@2x.png */,
				144D1D6A242678BF00B7AC65 /* I@3x.png */,
				144D1D6B242678BF00B7AC65 /* M.png */,
				144D1D70242678BF00B7AC65 /* M@2x.png */,
				144D1D6F242678BF00B7AC65 /* M@3x.png */,
				144D1D79242678BF00B7AC65 /* P.png */,
				144D1D72242678BF00B7AC65 /* P@2x.png */,
				144D1D75242678BF00B7AC65 /* P@3x.png */,
				144D1D77242678BF00B7AC65 /* S.png */,
				144D1D6C242678BF00B7AC65 /* S@2x.png */,
				144D1D67242678BF00B7AC65 /* S@3x.png */,
				140AB0A62438A73C005ED684 /* chevron.down.png */,
				140AB0A72438A73C005ED684 /* chevron.down@2x.png */,
				140AB0A82438A73C005ED684 /* chevron.down@3x.png */,
			);
			path = images;
			sourceTree = "<group>";
		};
		1459AAD8242F3BFE002D6185 /* Shared */ = {
			isa = PBXGroup;
			children = (
				145E9A472414DEBA006DD651 /* SourceKitServiceProxy.swift */,
				14931110241D4EC400CF87D3 /* Settings.swift */,
				14019EDA24305738005397C5 /* parseGitHubURL().swift */,
				14019EFD243321A6005397C5 /* DateFormat.swift */,
				14019F00243321E2005397C5 /* AppGroup.swift */,
			);
			path = Shared;
			sourceTree = "<group>";
		};
		145E9A1A241405F6006DD651 /* SourceKitService */ = {
			isa = PBXGroup;
			children = (
				145E9A1B241405F6006DD651 /* SourceKitServiceProtocol.h */,
				145E9A282414068B006DD651 /* SourceKitService.swift */,
				14931108241C30DB00CF87D3 /* LanguageServer.swift */,
				1493110A241C30F600CF87D3 /* ServerRegistry.swift */,
				1493110C241C310B00CF87D3 /* Workspace.swift */,
				145E9A272414068A006DD651 /* SourceKitService-Bridging-Header.h */,
				145E9A1F241405F6006DD651 /* main.m */,
				1492043C241E81B40088EA9B /* SourceKitService.entitlements */,
				145E9A21241405F6006DD651 /* Info.plist */,
			);
			path = SourceKitService;
			sourceTree = "<group>";
		};
		145E9A3F2414B7C9006DD651 /* tippyjs */ = {
			isa = PBXGroup;
			children = (
				145E9A3224146BA4006DD651 /* tippy.css */,
				145E9A3424146BA4006DD651 /* light-border.css */,
			);
			path = tippyjs;
			sourceTree = "<group>";
		};
		145E9A402414B7E7006DD651 /* highlightjs */ = {
			isa = PBXGroup;
			children = (
				145E9A3C24146F97006DD651 /* xcode.css */,
			);
			path = highlightjs;
			sourceTree = "<group>";
		};
		145E9A412414B876006DD651 /* js */ = {
			isa = PBXGroup;
			children = (
				145E9A452414B907006DD651 /* bundle.js */,
			);
			path = js;
			sourceTree = "<group>";
		};
		145E9A442414B8B5006DD651 /* css */ = {
			isa = PBXGroup;
			children = (
				1493110E241CF44200CF87D3 /* style.css */,
				145E9A3F2414B7C9006DD651 /* tippyjs */,
				145E9A402414B7E7006DD651 /* highlightjs */,
			);
			path = css;
			sourceTree = "<group>";
		};
		14C59EF52445A5A600A80602 /* Configurations */ = {
			isa = PBXGroup;
			children = (
				14C59EF72445A5BE00A80602 /* Project-Shared.xcconfig */,
				14C59EF82445A5BE00A80602 /* Project-Debug.xcconfig */,
				14C59EF62445A5BE00A80602 /* Project-Release.xcconfig */,
				14C59EFA2445A6BB00A80602 /* SourceKitForSafari-Shared.xcconfig */,
				14C59EFB2445A6BB00A80602 /* SourceKitForSafari-Debug.xcconfig */,
				14C59EF92445A6BB00A80602 /* SourceKitForSafari-Release.xcconfig */,
				14C59EFD2445A74400A80602 /* SafariExtension-Shared.xcconfig */,
				14C59EFE2445A74400A80602 /* SafariExtension-Debug.xcconfig */,
				14C59EFC2445A74400A80602 /* SafariExtension-Release.xcconfig */,
				14C59EFF2445A80200A80602 /* ChromeExtensionHelper-Shared.xcconfig */,
				14C59F002445A80200A80602 /* ChromeExtensionHelper-Debug.xcconfig */,
				14C59F012445A80200A80602 /* ChromeExtensionHelper-Release.xcconfig */,
				14C59F032445A83300A80602 /* SourceKitService-Shared.xcconfig */,
				14C59F022445A83300A80602 /* SourceKitService-Debug.xcconfig */,
				14C59F042445A83300A80602 /* SourceKitService-Release.xcconfig */,
			);
			path = Configurations;
			sourceTree = "<group>";
		};
		14F872602441AAFB00374E7A /* ChromeExtensionHelper */ = {
			isa = PBXGroup;
			children = (
				14F872862441C88100374E7A /* Application.swift */,
				14F872612441AAFB00374E7A /* AppDelegate.swift */,
				14F872772441AEB200374E7A /* BufferReader.swift */,
				14F872792441AF4D00374E7A /* ChromeExtensionHelper-Bridging-Header.h */,
				14F8726B2441AAFD00374E7A /* ChromeExtensionHelper.entitlements */,
				14F8726A2441AAFD00374E7A /* Info.plist */,
			);
			path = ChromeExtensionHelper;
			sourceTree = "<group>";
		};
/* End PBXGroup section */

/* Begin PBXNativeTarget section */
		140460DE240BEE79004FE328 /* SourceKitForSafari */ = {
			isa = PBXNativeTarget;
			buildConfigurationList = 140460EF240BEE7A004FE328 /* Build configuration list for PBXNativeTarget "SourceKitForSafari" */;
			buildPhases = (
				140460DB240BEE79004FE328 /* Sources */,
				140460DC240BEE79004FE328 /* Frameworks */,
				140460DD240BEE79004FE328 /* Resources */,
				1404610E240BEE94004FE328 /* Embed App Extensions */,
				14F8727F2441B01C00374E7A /* Embed Helper App */,
			);
			buildRules = (
			);
			dependencies = (
				14046109240BEE94004FE328 /* PBXTargetDependency */,
				145B31B324296D0800660469 /* PBXTargetDependency */,
			);
			name = SourceKitForSafari;
			packageProductDependencies = (
			);
			productName = SourceKitForSafari;
			productReference = 140460DF240BEE79004FE328 /* SourceKit for Safari.app */;
			productType = "com.apple.product-type.application";
		};
		140460F5240BEE94004FE328 /* SafariExtension */ = {
			isa = PBXNativeTarget;
			buildConfigurationList = 1404610B240BEE94004FE328 /* Build configuration list for PBXNativeTarget "SafariExtension" */;
			buildPhases = (
				140460F2240BEE94004FE328 /* Sources */,
				140460F3240BEE94004FE328 /* Frameworks */,
				140460F4240BEE94004FE328 /* Resources */,
				145E9A2524140601006DD651 /* Embed XPC Services */,
			);
			buildRules = (
			);
			dependencies = (
			);
			name = SafariExtension;
			productName = SafariExtension;
			productReference = 140460F6240BEE94004FE328 /* SourceKit for Safari.appex */;
			productType = "com.apple.product-type.app-extension";
		};
		145E9A18241405F6006DD651 /* SourceKitService */ = {
			isa = PBXNativeTarget;
			buildConfigurationList = 145E9A24241405F6006DD651 /* Build configuration list for PBXNativeTarget "SourceKitService" */;
			buildPhases = (
				145E9A15241405F6006DD651 /* Sources */,
				145E9A16241405F6006DD651 /* Frameworks */,
				145E9A17241405F6006DD651 /* Resources */,
			);
			buildRules = (
			);
			dependencies = (
			);
			name = SourceKitService;
			packageProductDependencies = (
				14DB80B6241F096A00728A29 /* LSPBindings */,
			);
			productName = SourceKitService;
			productReference = 145E9A19241405F6006DD651 /* SourceKit for Safari XPC Service.xpc */;
			productType = "com.apple.product-type.xpc-service";
		};
		14F8725E2441AAFB00374E7A /* ChromeExtensionHelper */ = {
			isa = PBXNativeTarget;
			buildConfigurationList = 14F8726E2441AAFD00374E7A /* Build configuration list for PBXNativeTarget "ChromeExtensionHelper" */;
			buildPhases = (
				14F8725B2441AAFB00374E7A /* Sources */,
				14F8725C2441AAFB00374E7A /* Frameworks */,
				14F8725D2441AAFB00374E7A /* Resources */,
				14F8726F2441AB5B00374E7A /* Embed XPC Services */,
			);
			buildRules = (
			);
			dependencies = (
			);
			name = ChromeExtensionHelper;
			productName = ChromeExtensionHelper;
			productReference = 14F8725F2441AAFB00374E7A /* SourceKit for Safari Chrome Extension Helper.app */;
			productType = "com.apple.product-type.application";
		};
/* End PBXNativeTarget section */

/* Begin PBXProject section */
		140460D7240BEE79004FE328 /* Project object */ = {
			isa = PBXProject;
			attributes = {
				LastSwiftUpdateCheck = 1140;
				LastUpgradeCheck = 1140;
				ORGANIZATIONNAME = "Kishikawa Katsumi";
				TargetAttributes = {
					140460DE240BEE79004FE328 = {
						CreatedOnToolsVersion = 11.3.1;
						LastSwiftMigration = 1130;
					};
					140460F5240BEE94004FE328 = {
						CreatedOnToolsVersion = 11.3.1;
						LastSwiftMigration = 1130;
					};
					145E9A18241405F6006DD651 = {
						CreatedOnToolsVersion = 11.3.1;
						LastSwiftMigration = 1130;
					};
					14F8725E2441AAFB00374E7A = {
						CreatedOnToolsVersion = 11.4;
						LastSwiftMigration = 1140;
					};
				};
			};
			buildConfigurationList = 140460DA240BEE79004FE328 /* Build configuration list for PBXProject "SourceKitForSafari" */;
			compatibilityVersion = "Xcode 9.3";
			developmentRegion = en;
			hasScannedForEncodings = 0;
			knownRegions = (
				en,
				Base,
			);
			mainGroup = 140460D6240BEE79004FE328;
			packageReferences = (
				14DB8097241F06E600728A29 /* XCRemoteSwiftPackageReference "sourcekit-lsp" */,
			);
			productRefGroup = 140460E0240BEE79004FE328 /* Products */;
			projectDirPath = "";
			projectRoot = "";
			targets = (
				140460DE240BEE79004FE328 /* SourceKitForSafari */,
				140460F5240BEE94004FE328 /* SafariExtension */,
				14F8725E2441AAFB00374E7A /* ChromeExtensionHelper */,
				145E9A18241405F6006DD651 /* SourceKitService */,
			);
		};
/* End PBXProject section */

/* Begin PBXResourcesBuildPhase section */
		140460DD240BEE79004FE328 /* Resources */ = {
			isa = PBXResourcesBuildPhase;
			buildActionMask = 2147483647;
			files = (
				140460E7240BEE7A004FE328 /* Assets.xcassets in Resources */,
				140460EA240BEE7A004FE328 /* Main.storyboard in Resources */,
			);
			runOnlyForDeploymentPostprocessing = 0;
		};
		140460F4240BEE94004FE328 /* Resources */ = {
			isa = PBXResourcesBuildPhase;
			buildActionMask = 2147483647;
			files = (
				140AB0AB2438A73C005ED684 /* chevron.down@3x.png in Resources */,
				144D1D83242678C000B7AC65 /* C@2x.png in Resources */,
				14046106240BEE94004FE328 /* ToolbarItemIcon.pdf in Resources */,
				144D1D85242678C000B7AC65 /* M@2x.png in Resources */,
				144D1D89242678C000B7AC65 /* F@2x.png in Resources */,
				144D1D86242678C000B7AC65 /* C@3x.png in Resources */,
				140AB0A92438A73C005ED684 /* chevron.down.png in Resources */,
				145E9A3E24146F97006DD651 /* xcode.css in Resources */,
				144D1D7B242678BF00B7AC65 /* E@2x.png in Resources */,
				144D1D80242678C000B7AC65 /* M.png in Resources */,
				144D1D7C242678C000B7AC65 /* S@3x.png in Resources */,
				144D1D82242678C000B7AC65 /* E@3x.png in Resources */,
				144D1D8E242678C000B7AC65 /* P.png in Resources */,
				144D1D8F242678C000B7AC65 /* F.png in Resources */,
				144D1D88242678C000B7AC65 /* F@3x.png in Resources */,
				144D1D8A242678C000B7AC65 /* P@3x.png in Resources */,
				145E9A3924146BA5006DD651 /* light-border.css in Resources */,
				145E9A3724146BA5006DD651 /* tippy.css in Resources */,
				144D1D84242678C000B7AC65 /* M@3x.png in Resources */,
				144D1D81242678C000B7AC65 /* S@2x.png in Resources */,
				144D1D8D242678C000B7AC65 /* E.png in Resources */,
				144D1D7F242678C000B7AC65 /* I@3x.png in Resources */,
				1493110F241CF44200CF87D3 /* style.css in Resources */,
				144D1D8B242678C000B7AC65 /* C.png in Resources */,
				144D1D7E242678C000B7AC65 /* I@2x.png in Resources */,
				144D1D87242678C000B7AC65 /* P@2x.png in Resources */,
				145E9A462414B907006DD651 /* bundle.js in Resources */,
				144D1D7D242678C000B7AC65 /* I.png in Resources */,
				140AB0AA2438A73C005ED684 /* chevron.down@2x.png in Resources */,
				144D1D8C242678C000B7AC65 /* S.png in Resources */,
				14046101240BEE94004FE328 /* SafariExtensionViewController.xib in Resources */,
			);
			runOnlyForDeploymentPostprocessing = 0;
		};
		145E9A17241405F6006DD651 /* Resources */ = {
			isa = PBXResourcesBuildPhase;
			buildActionMask = 2147483647;
			files = (
			);
			runOnlyForDeploymentPostprocessing = 0;
		};
		14F8725D2441AAFB00374E7A /* Resources */ = {
			isa = PBXResourcesBuildPhase;
			buildActionMask = 2147483647;
			files = (
			);
			runOnlyForDeploymentPostprocessing = 0;
		};
/* End PBXResourcesBuildPhase section */

/* Begin PBXSourcesBuildPhase section */
		140460DB240BEE79004FE328 /* Sources */ = {
			isa = PBXSourcesBuildPhase;
			buildActionMask = 2147483647;
			files = (
				14F872A524422EDA00374E7A /* ViewController.swift in Sources */,
				140460E3240BEE79004FE328 /* AppDelegate.swift in Sources */,
				14F872762441AE8800374E7A /* AppGroup.swift in Sources */,
			);
			runOnlyForDeploymentPostprocessing = 0;
		};
		140460F2240BEE94004FE328 /* Sources */ = {
			isa = PBXSourcesBuildPhase;
			buildActionMask = 2147483647;
			files = (
				14019EFF243321A6005397C5 /* DateFormat.swift in Sources */,
				14931111241D4EC400CF87D3 /* Settings.swift in Sources */,
				145E9A482414DEBA006DD651 /* SourceKitServiceProxy.swift in Sources */,
				14019F02243321E2005397C5 /* AppGroup.swift in Sources */,
				14019EDC24305769005397C5 /* parseGitHubURL().swift in Sources */,
				140460FE240BEE94004FE328 /* SafariExtensionViewController.swift in Sources */,
				140460FC240BEE94004FE328 /* SafariExtensionHandler.swift in Sources */,
			);
			runOnlyForDeploymentPostprocessing = 0;
		};
		145E9A15241405F6006DD651 /* Sources */ = {
			isa = PBXSourcesBuildPhase;
			buildActionMask = 2147483647;
			files = (
				145E9A292414068B006DD651 /* SourceKitService.swift in Sources */,
				14019F03243321E2005397C5 /* AppGroup.swift in Sources */,
				14931109241C30DB00CF87D3 /* LanguageServer.swift in Sources */,
				1493110D241C310B00CF87D3 /* Workspace.swift in Sources */,
				145E9A20241405F6006DD651 /* main.m in Sources */,
				1493110B241C30F600CF87D3 /* ServerRegistry.swift in Sources */,
			);
			runOnlyForDeploymentPostprocessing = 0;
		};
		14F8725B2441AAFB00374E7A /* Sources */ = {
			isa = PBXSourcesBuildPhase;
			buildActionMask = 2147483647;
			files = (
				14F872872441C88100374E7A /* Application.swift in Sources */,
				14F872722441AE6300374E7A /* Settings.swift in Sources */,
				14F872752441AE7100374E7A /* AppGroup.swift in Sources */,
				14F872712441AE5E00374E7A /* SourceKitServiceProxy.swift in Sources */,
				14F872622441AAFB00374E7A /* AppDelegate.swift in Sources */,
				14F872742441AE6A00374E7A /* DateFormat.swift in Sources */,
				14F872782441AEB200374E7A /* BufferReader.swift in Sources */,
				14F872732441AE6600374E7A /* parseGitHubURL().swift in Sources */,
			);
			runOnlyForDeploymentPostprocessing = 0;
		};
/* End PBXSourcesBuildPhase section */

/* Begin PBXTargetDependency section */
		14046109240BEE94004FE328 /* PBXTargetDependency */ = {
			isa = PBXTargetDependency;
			target = 140460F5240BEE94004FE328 /* SafariExtension */;
			targetProxy = 14046108240BEE94004FE328 /* PBXContainerItemProxy */;
		};
		145B31B324296D0800660469 /* PBXTargetDependency */ = {
			isa = PBXTargetDependency;
			target = 145E9A18241405F6006DD651 /* SourceKitService */;
			targetProxy = 145B31B224296D0800660469 /* PBXContainerItemProxy */;
		};
/* End PBXTargetDependency section */

/* Begin PBXVariantGroup section */
		140460E8240BEE7A004FE328 /* Main.storyboard */ = {
			isa = PBXVariantGroup;
			children = (
				140460E9240BEE7A004FE328 /* Base */,
			);
			name = Main.storyboard;
			sourceTree = "<group>";
		};
		140460FF240BEE94004FE328 /* SafariExtensionViewController.xib */ = {
			isa = PBXVariantGroup;
			children = (
				14046100240BEE94004FE328 /* Base */,
			);
			name = SafariExtensionViewController.xib;
			sourceTree = "<group>";
		};
/* End PBXVariantGroup section */

/* Begin XCBuildConfiguration section */
		140460ED240BEE7A004FE328 /* Debug */ = {
			isa = XCBuildConfiguration;
			baseConfigurationReference = 14C59EF82445A5BE00A80602 /* Project-Debug.xcconfig */;
			buildSettings = {
			};
			name = Debug;
		};
		140460EE240BEE7A004FE328 /* Release */ = {
			isa = XCBuildConfiguration;
			baseConfigurationReference = 14C59EF62445A5BE00A80602 /* Project-Release.xcconfig */;
			buildSettings = {
			};
			name = Release;
		};
		140460F0240BEE7A004FE328 /* Debug */ = {
			isa = XCBuildConfiguration;
			baseConfigurationReference = 14C59EFB2445A6BB00A80602 /* SourceKitForSafari-Debug.xcconfig */;
			buildSettings = {
			};
			name = Debug;
		};
		140460F1240BEE7A004FE328 /* Release */ = {
			isa = XCBuildConfiguration;
			baseConfigurationReference = 14C59EF92445A6BB00A80602 /* SourceKitForSafari-Release.xcconfig */;
			buildSettings = {
			};
			name = Release;
		};
		1404610C240BEE94004FE328 /* Debug */ = {
			isa = XCBuildConfiguration;
			baseConfigurationReference = 14C59EFE2445A74400A80602 /* SafariExtension-Debug.xcconfig */;
			buildSettings = {
			};
			name = Debug;
		};
		1404610D240BEE94004FE328 /* Release */ = {
			isa = XCBuildConfiguration;
			baseConfigurationReference = 14C59EFC2445A74400A80602 /* SafariExtension-Release.xcconfig */;
			buildSettings = {
			};
			name = Release;
		};
		145E9A22241405F6006DD651 /* Debug */ = {
			isa = XCBuildConfiguration;
			baseConfigurationReference = 14C59F022445A83300A80602 /* SourceKitService-Debug.xcconfig */;
			buildSettings = {
			};
			name = Debug;
		};
		145E9A23241405F6006DD651 /* Release */ = {
			isa = XCBuildConfiguration;
			baseConfigurationReference = 14C59F042445A83300A80602 /* SourceKitService-Release.xcconfig */;
			buildSettings = {
			};
			name = Release;
		};
		14F8726C2441AAFD00374E7A /* Debug */ = {
			isa = XCBuildConfiguration;
			baseConfigurationReference = 14C59F002445A80200A80602 /* ChromeExtensionHelper-Debug.xcconfig */;
			buildSettings = {
			};
			name = Debug;
		};
		14F8726D2441AAFD00374E7A /* Release */ = {
			isa = XCBuildConfiguration;
			baseConfigurationReference = 14C59F012445A80200A80602 /* ChromeExtensionHelper-Release.xcconfig */;
			buildSettings = {
			};
			name = Release;
		};
/* End XCBuildConfiguration section */

/* Begin XCConfigurationList section */
		140460DA240BEE79004FE328 /* Build configuration list for PBXProject "SourceKitForSafari" */ = {
			isa = XCConfigurationList;
			buildConfigurations = (
				140460ED240BEE7A004FE328 /* Debug */,
				140460EE240BEE7A004FE328 /* Release */,
			);
			defaultConfigurationIsVisible = 0;
			defaultConfigurationName = Release;
		};
		140460EF240BEE7A004FE328 /* Build configuration list for PBXNativeTarget "SourceKitForSafari" */ = {
			isa = XCConfigurationList;
			buildConfigurations = (
				140460F0240BEE7A004FE328 /* Debug */,
				140460F1240BEE7A004FE328 /* Release */,
			);
			defaultConfigurationIsVisible = 0;
			defaultConfigurationName = Release;
		};
		1404610B240BEE94004FE328 /* Build configuration list for PBXNativeTarget "SafariExtension" */ = {
			isa = XCConfigurationList;
			buildConfigurations = (
				1404610C240BEE94004FE328 /* Debug */,
				1404610D240BEE94004FE328 /* Release */,
			);
			defaultConfigurationIsVisible = 0;
			defaultConfigurationName = Release;
		};
		145E9A24241405F6006DD651 /* Build configuration list for PBXNativeTarget "SourceKitService" */ = {
			isa = XCConfigurationList;
			buildConfigurations = (
				145E9A22241405F6006DD651 /* Debug */,
				145E9A23241405F6006DD651 /* Release */,
			);
			defaultConfigurationIsVisible = 0;
			defaultConfigurationName = Release;
		};
		14F8726E2441AAFD00374E7A /* Build configuration list for PBXNativeTarget "ChromeExtensionHelper" */ = {
			isa = XCConfigurationList;
			buildConfigurations = (
				14F8726C2441AAFD00374E7A /* Debug */,
				14F8726D2441AAFD00374E7A /* Release */,
			);
			defaultConfigurationIsVisible = 0;
			defaultConfigurationName = Release;
		};
/* End XCConfigurationList section */

/* Begin XCRemoteSwiftPackageReference section */
		14DB8097241F06E600728A29 /* XCRemoteSwiftPackageReference "sourcekit-lsp" */ = {
			isa = XCRemoteSwiftPackageReference;
			repositoryURL = "https://github.com/apple/sourcekit-lsp.git";
			requirement = {
				branch = master;
				kind = branch;
			};
		};
/* End XCRemoteSwiftPackageReference section */

/* Begin XCSwiftPackageProductDependency section */
		14DB80B6241F096A00728A29 /* LSPBindings */ = {
			isa = XCSwiftPackageProductDependency;
			package = 14DB8097241F06E600728A29 /* XCRemoteSwiftPackageReference "sourcekit-lsp" */;
			productName = LSPBindings;
		};
/* End XCSwiftPackageProductDependency section */
	};
	rootObject = 140460D7240BEE79004FE328 /* Project object */;
}
